
Microsoft Visual Studio Solution File, Format Version 12.00
# Visual Studio 2013
VisualStudioVersion = 12.0.31101.0
MinimumVisualStudioVersion = 10.0.40219.1
Project("{FAE04EC0-301F-11D3-BF4B-00C04F79EFBC}") = "Aptum.ImportTaskRedmine", "ImportTaskRedmine\Aptum.ImportTaskRedmine.csproj", "{7181BBC9-63FC-46A6-9CDA-1CF08699412A}"
EndProject
Global
	GlobalSection(SolutionConfigurationPlatforms) = preSolution
		Debug|Any CPU = Debug|Any CPU
		Release|Any CPU = Release|Any CPU
	EndGlobalSection
	GlobalSection(ProjectConfigurationPlatforms) = postSolution
		{7181BBC9-63FC-46A6-9CDA-1CF08699412A}.Debug|Any CPU.ActiveCfg = Debug|Any CPU
		{7181BBC9-63FC-46A6-9CDA-1CF08699412A}.Debug|Any CPU.Build.0 = Debug|Any CPU
		{7181BBC9-63FC-46A6-9CDA-1CF08699412A}.Release|Any CPU.ActiveCfg = Release|Any CPU
		{7181BBC9-63FC-46A6-9CDA-1CF08699412A}.Release|Any CPU.Build.0 = Release|Any CPU
	EndGlobalSection
	GlobalSection(SolutionProperties) = preSolution
		HideSolutionNode = FALSE
	EndGlobalSection
EndGlobal
